
Microsoft Visual Studio Solution File, Format Version 12.00
# Visual Studio Version 17
VisualStudioVersion = 17.9.34728.123
MinimumVisualStudioVersion = 10.0.40219.1
Project("{FAE04EC0-301F-11D3-BF4B-00C04F79EFBC}") = "EFDay2c180", "EFDay2c180\EFDay2c180.csproj", "{A8EBDD95-132B-4DD1-9CBE-09B3A1B5504D}"
EndProject
Global
	GlobalSection(SolutionConfigurationPlatforms) = preSolution
		Debug|Any CPU = Debug|Any CPU
		Release|Any CPU = Release|Any CPU
	EndGlobalSection
	GlobalSection(ProjectConfigurationPlatforms) = postSolution
		{A8EBDD95-132B-4DD1-9CBE-09B3A1B5504D}.Debug|Any CPU.ActiveCfg = Debug|Any CPU
		{A8EBDD95-132B-4DD1-9CBE-09B3A1B5504D}.Debug|Any CPU.Build.0 = Debug|Any CPU
		{A8EBDD95-132B-4DD1-9CBE-09B3A1B5504D}.Release|Any CPU.ActiveCfg = Release|Any CPU
		{A8EBDD95-132B-4DD1-9CBE-09B3A1B5504D}.Release|Any CPU.Build.0 = Release|Any CPU
	EndGlobalSection
	GlobalSection(SolutionProperties) = preSolution
		HideSolutionNode = FALSE
	EndGlobalSection
	GlobalSection(ExtensibilityGlobals) = postSolution
		SolutionGuid = {848CCE6B-DF77-4263-BF24-FB8BF16EA318}
	EndGlobalSection
EndGlobal
