
Microsoft Visual Studio Solution File, Format Version 12.00
# Visual Studio Version 17
VisualStudioVersion = 17.9.34728.123
MinimumVisualStudioVersion = 10.0.40219.1
Project("{FAE04EC0-301F-11D3-BF4B-00C04F79EFBC}") = "Day7c180 p1", "Day7c180 p1\Day7c180 p1.csproj", "{2A7F7912-B561-4B70-A505-B56BAB85E81B}"
EndProject
Project("{FAE04EC0-301F-11D3-BF4B-00C04F79EFBC}") = "Da7c180 p2", "Da7c180 p2\Da7c180 p2.csproj", "{D50AC70B-16BD-4156-8B0E-1EF456F3FBC5}"
EndProject
Global
	GlobalSection(SolutionConfigurationPlatforms) = preSolution
		Debug|Any CPU = Debug|Any CPU
		Release|Any CPU = Release|Any CPU
	EndGlobalSection
	GlobalSection(ProjectConfigurationPlatforms) = postSolution
		{2A7F7912-B561-4B70-A505-B56BAB85E81B}.Debug|Any CPU.ActiveCfg = Debug|Any CPU
		{2A7F7912-B561-4B70-A505-B56BAB85E81B}.Debug|Any CPU.Build.0 = Debug|Any CPU
		{2A7F7912-B561-4B70-A505-B56BAB85E81B}.Release|Any CPU.ActiveCfg = Release|Any CPU
		{2A7F7912-B561-4B70-A505-B56BAB85E81B}.Release|Any CPU.Build.0 = Release|Any CPU
		{D50AC70B-16BD-4156-8B0E-1EF456F3FBC5}.Debug|Any CPU.ActiveCfg = Debug|Any CPU
		{D50AC70B-16BD-4156-8B0E-1EF456F3FBC5}.Debug|Any CPU.Build.0 = Debug|Any CPU
		{D50AC70B-16BD-4156-8B0E-1EF456F3FBC5}.Release|Any CPU.ActiveCfg = Release|Any CPU
		{D50AC70B-16BD-4156-8B0E-1EF456F3FBC5}.Release|Any CPU.Build.0 = Release|Any CPU
	EndGlobalSection
	GlobalSection(SolutionProperties) = preSolution
		HideSolutionNode = FALSE
	EndGlobalSection
	GlobalSection(ExtensibilityGlobals) = postSolution
		SolutionGuid = {8F131395-5C2A-4C46-937A-FCCD3B690382}
	EndGlobalSection
EndGlobal
