
Microsoft Visual Studio Solution File, Format Version 12.00
# Visual Studio Version 17
VisualStudioVersion = 17.9.34728.123
MinimumVisualStudioVersion = 10.0.40219.1
Project("{FAE04EC0-301F-11D3-BF4B-00C04F79EFBC}") = "c180 lab", "c180 lab\c180 lab.csproj", "{F91F7335-CA14-4A7E-83FD-858770B52DA1}"
EndProject
Global
	GlobalSection(SolutionConfigurationPlatforms) = preSolution
		Debug|Any CPU = Debug|Any CPU
		Release|Any CPU = Release|Any CPU
	EndGlobalSection
	GlobalSection(ProjectConfigurationPlatforms) = postSolution
		{F91F7335-CA14-4A7E-83FD-858770B52DA1}.Debug|Any CPU.ActiveCfg = Debug|Any CPU
		{F91F7335-CA14-4A7E-83FD-858770B52DA1}.Debug|Any CPU.Build.0 = Debug|Any CPU
		{F91F7335-CA14-4A7E-83FD-858770B52DA1}.Release|Any CPU.ActiveCfg = Release|Any CPU
		{F91F7335-CA14-4A7E-83FD-858770B52DA1}.Release|Any CPU.Build.0 = Release|Any CPU
	EndGlobalSection
	GlobalSection(SolutionProperties) = preSolution
		HideSolutionNode = FALSE
	EndGlobalSection
	GlobalSection(ExtensibilityGlobals) = postSolution
		SolutionGuid = {1FBBAA96-CCFB-4B09-BFF9-7FF5BEF9CB3F}
	EndGlobalSection
EndGlobal
